
Microsoft Visual Studio Solution File, Format Version 12.00
# Visual Studio Version 17
VisualStudioVersion = 17.4.33205.214
MinimumVisualStudioVersion = 10.0.40219.1
Project("{2150E333-8FDC-42A3-9474-1A3956D46DE8}") = "src", "src", "{D6BF7988-C707-4101-BA98-7069A0949764}"
EndProject
Project("{2150E333-8FDC-42A3-9474-1A3956D46DE8}") = "Core", "Core", "{BD2034B4-8E9B-41DF-A641-1CE731B6AD89}"
EndProject
Project("{2150E333-8FDC-42A3-9474-1A3956D46DE8}") = "Infraestructure", "Infraestructure", "{DA292053-7D2C-4A70-83E3-0A2D58A0FAEE}"
EndProject
Project("{2150E333-8FDC-42A3-9474-1A3956D46DE8}") = "Presentation", "Presentation", "{F3BA32B9-885E-42B4-B166-671553C5C29D}"
EndProject
Project("{FAE04EC0-301F-11D3-BF4B-00C04F79EFBC}") = "Application", "Application\Application.csproj", "{9DAB83DB-51C0-4C1B-8C0F-40650B54462D}"
EndProject
Project("{FAE04EC0-301F-11D3-BF4B-00C04F79EFBC}") = "Domain", "Domain\Domain.csproj", "{4CA99E24-EF47-48C1-8D38-D6FC43A0F483}"
EndProject
Project("{FAE04EC0-301F-11D3-BF4B-00C04F79EFBC}") = "Persistence", "Persistence\Persistence.csproj", "{232E6844-8D33-4296-B06A-B4747E1DB111}"
EndProject
Project("{FAE04EC0-301F-11D3-BF4B-00C04F79EFBC}") = "Shared", "Shared\Shared.csproj", "{5BDFDB63-4268-4A89-A53C-054410E64EF0}"
EndProject
Project("{FAE04EC0-301F-11D3-BF4B-00C04F79EFBC}") = "WebAPI", "WebAPI\WebAPI.csproj", "{15DB9A48-3C9A-4045-B0FC-1ABDFE2C34AC}"
EndProject
Global
	GlobalSection(SolutionConfigurationPlatforms) = preSolution
		Debug|Any CPU = Debug|Any CPU
		Release|Any CPU = Release|Any CPU
	EndGlobalSection
	GlobalSection(ProjectConfigurationPlatforms) = postSolution
		{9DAB83DB-51C0-4C1B-8C0F-40650B54462D}.Debug|Any CPU.ActiveCfg = Debug|Any CPU
		{9DAB83DB-51C0-4C1B-8C0F-40650B54462D}.Debug|Any CPU.Build.0 = Debug|Any CPU
		{9DAB83DB-51C0-4C1B-8C0F-40650B54462D}.Release|Any CPU.ActiveCfg = Release|Any CPU
		{9DAB83DB-51C0-4C1B-8C0F-40650B54462D}.Release|Any CPU.Build.0 = Release|Any CPU
		{4CA99E24-EF47-48C1-8D38-D6FC43A0F483}.Debug|Any CPU.ActiveCfg = Debug|Any CPU
		{4CA99E24-EF47-48C1-8D38-D6FC43A0F483}.Debug|Any CPU.Build.0 = Debug|Any CPU
		{4CA99E24-EF47-48C1-8D38-D6FC43A0F483}.Release|Any CPU.ActiveCfg = Release|Any CPU
		{4CA99E24-EF47-48C1-8D38-D6FC43A0F483}.Release|Any CPU.Build.0 = Release|Any CPU
		{232E6844-8D33-4296-B06A-B4747E1DB111}.Debug|Any CPU.ActiveCfg = Debug|Any CPU
		{232E6844-8D33-4296-B06A-B4747E1DB111}.Debug|Any CPU.Build.0 = Debug|Any CPU
		{232E6844-8D33-4296-B06A-B4747E1DB111}.Release|Any CPU.ActiveCfg = Release|Any CPU
		{232E6844-8D33-4296-B06A-B4747E1DB111}.Release|Any CPU.Build.0 = Release|Any CPU
		{5BDFDB63-4268-4A89-A53C-054410E64EF0}.Debug|Any CPU.ActiveCfg = Debug|Any CPU
		{5BDFDB63-4268-4A89-A53C-054410E64EF0}.Debug|Any CPU.Build.0 = Debug|Any CPU
		{5BDFDB63-4268-4A89-A53C-054410E64EF0}.Release|Any CPU.ActiveCfg = Release|Any CPU
		{5BDFDB63-4268-4A89-A53C-054410E64EF0}.Release|Any CPU.Build.0 = Release|Any CPU
		{15DB9A48-3C9A-4045-B0FC-1ABDFE2C34AC}.Debug|Any CPU.ActiveCfg = Debug|Any CPU
		{15DB9A48-3C9A-4045-B0FC-1ABDFE2C34AC}.Debug|Any CPU.Build.0 = Debug|Any CPU
		{15DB9A48-3C9A-4045-B0FC-1ABDFE2C34AC}.Release|Any CPU.ActiveCfg = Release|Any CPU
		{15DB9A48-3C9A-4045-B0FC-1ABDFE2C34AC}.Release|Any CPU.Build.0 = Release|Any CPU
	EndGlobalSection
	GlobalSection(SolutionProperties) = preSolution
		HideSolutionNode = FALSE
	EndGlobalSection
	GlobalSection(NestedProjects) = preSolution
		{BD2034B4-8E9B-41DF-A641-1CE731B6AD89} = {D6BF7988-C707-4101-BA98-7069A0949764}
		{DA292053-7D2C-4A70-83E3-0A2D58A0FAEE} = {D6BF7988-C707-4101-BA98-7069A0949764}
		{F3BA32B9-885E-42B4-B166-671553C5C29D} = {D6BF7988-C707-4101-BA98-7069A0949764}
		{9DAB83DB-51C0-4C1B-8C0F-40650B54462D} = {BD2034B4-8E9B-41DF-A641-1CE731B6AD89}
		{4CA99E24-EF47-48C1-8D38-D6FC43A0F483} = {BD2034B4-8E9B-41DF-A641-1CE731B6AD89}
		{232E6844-8D33-4296-B06A-B4747E1DB111} = {DA292053-7D2C-4A70-83E3-0A2D58A0FAEE}
		{5BDFDB63-4268-4A89-A53C-054410E64EF0} = {DA292053-7D2C-4A70-83E3-0A2D58A0FAEE}
		{15DB9A48-3C9A-4045-B0FC-1ABDFE2C34AC} = {F3BA32B9-885E-42B4-B166-671553C5C29D}
	EndGlobalSection
	GlobalSection(ExtensibilityGlobals) = postSolution
		SolutionGuid = {2895D838-E9AF-47FE-AAF0-DED9E9D404CF}
	EndGlobalSection
EndGlobal
